{
  "name": "your-bot-name",
  "version": "1.0.0",
  "lockfileVersion": 2,
  "requires": true,
  "dependencies": {
    "telegraf": {
      "version": "4.9.1",
      "resolved": "https://registry.npmjs.org/telegraf/-/telegraf-4.9.1.tgz",
      "integrity": "sha512-VeOlTE9JdRoU3FWEcYw5g6y2rVi8XRV+mG5O+KTRTcWgR8Ul0qP1WHl9mEz5XflLr/iPeUx2+7jRk2P+/9j5YA==",
      "engines": {
        "node": ">= 16.0.0"
      },
      "dev": true,
      "peerDependencies": {
        "axios": "^0.21.1",
        "telegraf": "^4.0.0"
      }
    },
    "axios": {
      "version": "0.21.1",
      "resolved": "https://registry.npmjs.org/axios/-/axios-0.21.1.tgz",
      "integrity": "sha512-Y2nVshBBZhDzsn2kSPE1HFF9xr6fxWT/X8kH/V2a1JX82FBydf2Hlj6XwFc+3dZ+5Xv0bKXSm8gYMNxyvX1X9g==",
      "engines": {
        "node": ">= 0.10.0"
      }
    }
  }
}
